
Microsoft Visual Studio Solution File, Format Version 12.00
# Visual Studio 15
VisualStudioVersion = 15.0.28307.572
MinimumVisualStudioVersion = 10.0.40219.1
Project("{FAE04EC0-301F-11D3-BF4B-00C04F79EFBC}") = "EntityFamework", "EntityFamework\EntityFamework.csproj", "{157164E3-60DC-4E53-9432-5281A2B48907}"
EndProject
Global
	GlobalSection(SolutionConfigurationPlatforms) = preSolution
		Debug|Any CPU = Debug|Any CPU
		Release|Any CPU = Release|Any CPU
	EndGlobalSection
	GlobalSection(ProjectConfigurationPlatforms) = postSolution
		{157164E3-60DC-4E53-9432-5281A2B48907}.Debug|Any CPU.ActiveCfg = Debug|Any CPU
		{157164E3-60DC-4E53-9432-5281A2B48907}.Debug|Any CPU.Build.0 = Debug|Any CPU
		{157164E3-60DC-4E53-9432-5281A2B48907}.Release|Any CPU.ActiveCfg = Release|Any CPU
		{157164E3-60DC-4E53-9432-5281A2B48907}.Release|Any CPU.Build.0 = Release|Any CPU
	EndGlobalSection
	GlobalSection(SolutionProperties) = preSolution
		HideSolutionNode = FALSE
	EndGlobalSection
	GlobalSection(ExtensibilityGlobals) = postSolution
		SolutionGuid = {02F3B200-82BD-414A-8919-BFC6127A5C7F}
	EndGlobalSection
EndGlobal
